// !$*UTF8*$!
{
	archiveVersion = 1;
	classes = {
	};
	objectVersion = 56;
	objects = {

/* Begin PBXBuildFile section */
		872AF8102B5E838A00DB108F /* HomeViewController.swift in Sources */ = {isa = PBXBuildFile; fileRef = 872AF80F2B5E838A00DB108F /* HomeViewController.swift */; };
		872AF8122B5E850F00DB108F /* FortuneViewController.swift in Sources */ = {isa = PBXBuildFile; fileRef = 872AF8112B5E850F00DB108F /* FortuneViewController.swift */; };
		875144E72B5E3E180016C981 /* AppDelegate.swift in Sources */ = {isa = PBXBuildFile; fileRef = 875144E62B5E3E180016C981 /* AppDelegate.swift */; };
		875144E92B5E3E180016C981 /* SceneDelegate.swift in Sources */ = {isa = PBXBuildFile; fileRef = 875144E82B5E3E180016C981 /* SceneDelegate.swift */; };
		875144EE2B5E3E180016C981 /* Main.storyboard in Resources */ = {isa = PBXBuildFile; fileRef = 875144EC2B5E3E180016C981 /* Main.storyboard */; };
		875144F02B5E3E190016C981 /* Assets.xcassets in Resources */ = {isa = PBXBuildFile; fileRef = 875144EF2B5E3E190016C981 /* Assets.xcassets */; };
		875144F32B5E3E190016C981 /* LaunchScreen.storyboard in Resources */ = {isa = PBXBuildFile; fileRef = 875144F12B5E3E190016C981 /* LaunchScreen.storyboard */; };
		875145082B5E3E190016C981 /* CityForUUITests.swift in Sources */ = {isa = PBXBuildFile; fileRef = 875145072B5E3E190016C981 /* CityForUUITests.swift */; };
		8751450A2B5E3E190016C981 /* CityForUUITestsLaunchTests.swift in Sources */ = {isa = PBXBuildFile; fileRef = 875145092B5E3E190016C981 /* CityForUUITestsLaunchTests.swift */; };
		87603FF82B622BB9009C0314 /* ResultViewController.swift in Sources */ = {isa = PBXBuildFile; fileRef = 87603FF72B622BB9009C0314 /* ResultViewController.swift */; };
		87603FFA2B626080009C0314 /* Prefecture.swift in Sources */ = {isa = PBXBuildFile; fileRef = 87603FF92B626080009C0314 /* Prefecture.swift */; };
		87FACE102B6672CF00B071F2 /* HomeViewControllerTests.swift in Sources */ = {isa = PBXBuildFile; fileRef = 87FACE0F2B6672CF00B071F2 /* HomeViewControllerTests.swift */; };
		87FACE122B66747500B071F2 /* FortuneViewControllerTests.swift in Sources */ = {isa = PBXBuildFile; fileRef = 87FACE112B66747500B071F2 /* FortuneViewControllerTests.swift */; };
		87FACE142B66769200B071F2 /* ResultViewControllerTests.swift in Sources */ = {isa = PBXBuildFile; fileRef = 87FACE132B66769200B071F2 /* ResultViewControllerTests.swift */; };
/* End PBXBuildFile section */

/* Begin PBXContainerItemProxy section */
		875144FA2B5E3E190016C981 /* PBXContainerItemProxy */ = {
			isa = PBXContainerItemProxy;
			containerPortal = 875144DB2B5E3E180016C981 /* Project object */;
			proxyType = 1;
			remoteGlobalIDString = 875144E22B5E3E180016C981;
			remoteInfo = CityForU;
		};
		875145042B5E3E190016C981 /* PBXContainerItemProxy */ = {
			isa = PBXContainerItemProxy;
			containerPortal = 875144DB2B5E3E180016C981 /* Project object */;
			proxyType = 1;
			remoteGlobalIDString = 875144E22B5E3E180016C981;
			remoteInfo = CityForU;
		};
/* End PBXContainerItemProxy section */

/* Begin PBXFileReference section */
		872AF80F2B5E838A00DB108F /* HomeViewController.swift */ = {isa = PBXFileReference; lastKnownFileType = sourcecode.swift; path = HomeViewController.swift; sourceTree = "<group>"; };
		872AF8112B5E850F00DB108F /* FortuneViewController.swift */ = {isa = PBXFileReference; lastKnownFileType = sourcecode.swift; path = FortuneViewController.swift; sourceTree = "<group>"; };
		875144E32B5E3E180016C981 /* CityForU.app */ = {isa = PBXFileReference; explicitFileType = wrapper.application; includeInIndex = 0; path = CityForU.app; sourceTree = BUILT_PRODUCTS_DIR; };
		875144E62B5E3E180016C981 /* AppDelegate.swift */ = {isa = PBXFileReference; lastKnownFileType = sourcecode.swift; path = AppDelegate.swift; sourceTree = "<group>"; };
		875144E82B5E3E180016C981 /* SceneDelegate.swift */ = {isa = PBXFileReference; lastKnownFileType = sourcecode.swift; path = SceneDelegate.swift; sourceTree = "<group>"; };
		875144ED2B5E3E180016C981 /* Base */ = {isa = PBXFileReference; lastKnownFileType = file.storyboard; name = Base; path = Base.lproj/Main.storyboard; sourceTree = "<group>"; };
		875144EF2B5E3E190016C981 /* Assets.xcassets */ = {isa = PBXFileReference; lastKnownFileType = folder.assetcatalog; path = Assets.xcassets; sourceTree = "<group>"; };
		875144F22B5E3E190016C981 /* Base */ = {isa = PBXFileReference; lastKnownFileType = file.storyboard; name = Base; path = Base.lproj/LaunchScreen.storyboard; sourceTree = "<group>"; };
		875144F42B5E3E190016C981 /* Info.plist */ = {isa = PBXFileReference; lastKnownFileType = text.plist.xml; path = Info.plist; sourceTree = "<group>"; };
		875144F92B5E3E190016C981 /* CityForUTests.xctest */ = {isa = PBXFileReference; explicitFileType = wrapper.cfbundle; includeInIndex = 0; path = CityForUTests.xctest; sourceTree = BUILT_PRODUCTS_DIR; };
		875145032B5E3E190016C981 /* CityForUUITests.xctest */ = {isa = PBXFileReference; explicitFileType = wrapper.cfbundle; includeInIndex = 0; path = CityForUUITests.xctest; sourceTree = BUILT_PRODUCTS_DIR; };
		875145072B5E3E190016C981 /* CityForUUITests.swift */ = {isa = PBXFileReference; lastKnownFileType = sourcecode.swift; path = CityForUUITests.swift; sourceTree = "<group>"; };
		875145092B5E3E190016C981 /* CityForUUITestsLaunchTests.swift */ = {isa = PBXFileReference; lastKnownFileType = sourcecode.swift; path = CityForUUITestsLaunchTests.swift; sourceTree = "<group>"; };
		87603FF72B622BB9009C0314 /* ResultViewController.swift */ = {isa = PBXFileReference; lastKnownFileType = sourcecode.swift; path = ResultViewController.swift; sourceTree = "<group>"; };
		87603FF92B626080009C0314 /* Prefecture.swift */ = {isa = PBXFileReference; lastKnownFileType = sourcecode.swift; path = Prefecture.swift; sourceTree = "<group>"; };
		87FACE0F2B6672CF00B071F2 /* HomeViewControllerTests.swift */ = {isa = PBXFileReference; lastKnownFileType = sourcecode.swift; path = HomeViewControllerTests.swift; sourceTree = "<group>"; };
		87FACE112B66747500B071F2 /* FortuneViewControllerTests.swift */ = {isa = PBXFileReference; lastKnownFileType = sourcecode.swift; path = FortuneViewControllerTests.swift; sourceTree = "<group>"; };
		87FACE132B66769200B071F2 /* ResultViewControllerTests.swift */ = {isa = PBXFileReference; lastKnownFileType = sourcecode.swift; path = ResultViewControllerTests.swift; sourceTree = "<group>"; };
/* End PBXFileReference section */

/* Begin PBXFrameworksBuildPhase section */
		875144E02B5E3E180016C981 /* Frameworks */ = {
			isa = PBXFrameworksBuildPhase;
			buildActionMask = 2147483647;
			files = (
			);
			runOnlyForDeploymentPostprocessing = 0;
		};
		875144F62B5E3E190016C981 /* Frameworks */ = {
			isa = PBXFrameworksBuildPhase;
			buildActionMask = 2147483647;
			files = (
			);
			runOnlyForDeploymentPostprocessing = 0;
		};
		875145002B5E3E190016C981 /* Frameworks */ = {
			isa = PBXFrameworksBuildPhase;
			buildActionMask = 2147483647;
			files = (
			);
			runOnlyForDeploymentPostprocessing = 0;
		};
/* End PBXFrameworksBuildPhase section */

/* Begin PBXGroup section */
		875144DA2B5E3E180016C981 = {
			isa = PBXGroup;
			children = (
				875144E52B5E3E180016C981 /* CityForU */,
				875144FC2B5E3E190016C981 /* CityForUTests */,
				875145062B5E3E190016C981 /* CityForUUITests */,
				875144E42B5E3E180016C981 /* Products */,
			);
			sourceTree = "<group>";
		};
		875144E42B5E3E180016C981 /* Products */ = {
			isa = PBXGroup;
			children = (
				875144E32B5E3E180016C981 /* CityForU.app */,
				875144F92B5E3E190016C981 /* CityForUTests.xctest */,
				875145032B5E3E190016C981 /* CityForUUITests.xctest */,
			);
			name = Products;
			sourceTree = "<group>";
		};
		875144E52B5E3E180016C981 /* CityForU */ = {
			isa = PBXGroup;
			children = (
				87FACE0E2B664F1500B071F2 /* Delegate */,
				87FACE0D2B664E8900B071F2 /* Controller */,
				87FACE0C2B664E8200B071F2 /* View */,
				87FACE0B2B664E7700B071F2 /* Model */,
				875144EF2B5E3E190016C981 /* Assets.xcassets */,
				875144F42B5E3E190016C981 /* Info.plist */,
			);
			path = CityForU;
			sourceTree = "<group>";
		};
		875144FC2B5E3E190016C981 /* CityForUTests */ = {
			isa = PBXGroup;
			children = (
				87FACE0F2B6672CF00B071F2 /* HomeViewControllerTests.swift */,
				87FACE112B66747500B071F2 /* FortuneViewControllerTests.swift */,
				87FACE132B66769200B071F2 /* ResultViewControllerTests.swift */,
			);
			path = CityForUTests;
			sourceTree = "<group>";
		};
		875145062B5E3E190016C981 /* CityForUUITests */ = {
			isa = PBXGroup;
			children = (
				875145072B5E3E190016C981 /* CityForUUITests.swift */,
				875145092B5E3E190016C981 /* CityForUUITestsLaunchTests.swift */,
			);
			path = CityForUUITests;
			sourceTree = "<group>";
		};
		87FACE0B2B664E7700B071F2 /* Model */ = {
			isa = PBXGroup;
			children = (
				87603FF92B626080009C0314 /* Prefecture.swift */,
			);
			path = Model;
			sourceTree = "<group>";
		};
		87FACE0C2B664E8200B071F2 /* View */ = {
			isa = PBXGroup;
			children = (
				875144EC2B5E3E180016C981 /* Main.storyboard */,
				875144F12B5E3E190016C981 /* LaunchScreen.storyboard */,
			);
			path = View;
			sourceTree = "<group>";
		};
		87FACE0D2B664E8900B071F2 /* Controller */ = {
			isa = PBXGroup;
			children = (
				872AF80F2B5E838A00DB108F /* HomeViewController.swift */,
				872AF8112B5E850F00DB108F /* FortuneViewController.swift */,
				87603FF72B622BB9009C0314 /* ResultViewController.swift */,
			);
			path = Controller;
			sourceTree = "<group>";
		};
		87FACE0E2B664F1500B071F2 /* Delegate */ = {
			isa = PBXGroup;
			children = (
				875144E62B5E3E180016C981 /* AppDelegate.swift */,
				875144E82B5E3E180016C981 /* SceneDelegate.swift */,
			);
			path = Delegate;
			sourceTree = "<group>";
		};
/* End PBXGroup section */

/* Begin PBXNativeTarget section */
		875144E22B5E3E180016C981 /* CityForU */ = {
			isa = PBXNativeTarget;
			buildConfigurationList = 8751450D2B5E3E190016C981 /* Build configuration list for PBXNativeTarget "CityForU" */;
			buildPhases = (
				875144DF2B5E3E180016C981 /* Sources */,
				875144E02B5E3E180016C981 /* Frameworks */,
				875144E12B5E3E180016C981 /* Resources */,
			);
			buildRules = (
			);
			dependencies = (
			);
			name = CityForU;
			productName = CityForU;
			productReference = 875144E32B5E3E180016C981 /* CityForU.app */;
			productType = "com.apple.product-type.application";
		};
		875144F82B5E3E190016C981 /* CityForUTests */ = {
			isa = PBXNativeTarget;
			buildConfigurationList = 875145102B5E3E190016C981 /* Build configuration list for PBXNativeTarget "CityForUTests" */;
			buildPhases = (
				875144F52B5E3E190016C981 /* Sources */,
				875144F62B5E3E190016C981 /* Frameworks */,
				875144F72B5E3E190016C981 /* Resources */,
			);
			buildRules = (
			);
			dependencies = (
				875144FB2B5E3E190016C981 /* PBXTargetDependency */,
			);
			name = CityForUTests;
			productName = CityForUTests;
			productReference = 875144F92B5E3E190016C981 /* CityForUTests.xctest */;
			productType = "com.apple.product-type.bundle.unit-test";
		};
		875145022B5E3E190016C981 /* CityForUUITests */ = {
			isa = PBXNativeTarget;
			buildConfigurationList = 875145132B5E3E190016C981 /* Build configuration list for PBXNativeTarget "CityForUUITests" */;
			buildPhases = (
				875144FF2B5E3E190016C981 /* Sources */,
				875145002B5E3E190016C981 /* Frameworks */,
				875145012B5E3E190016C981 /* Resources */,
			);
			buildRules = (
			);
			dependencies = (
				875145052B5E3E190016C981 /* PBXTargetDependency */,
			);
			name = CityForUUITests;
			productName = CityForUUITests;
			productReference = 875145032B5E3E190016C981 /* CityForUUITests.xctest */;
			productType = "com.apple.product-type.bundle.ui-testing";
		};
/* End PBXNativeTarget section */

/* Begin PBXProject section */
		875144DB2B5E3E180016C981 /* Project object */ = {
			isa = PBXProject;
			attributes = {
				BuildIndependentTargetsInParallel = 1;
				LastSwiftUpdateCheck = 1520;
				LastUpgradeCheck = 1520;
				TargetAttributes = {
					875144E22B5E3E180016C981 = {
						CreatedOnToolsVersion = 15.2;
					};
					875144F82B5E3E190016C981 = {
						CreatedOnToolsVersion = 15.2;
						TestTargetID = 875144E22B5E3E180016C981;
					};
					875145022B5E3E190016C981 = {
						CreatedOnToolsVersion = 15.2;
						TestTargetID = 875144E22B5E3E180016C981;
					};
				};
			};
			buildConfigurationList = 875144DE2B5E3E180016C981 /* Build configuration list for PBXProject "CityForU" */;
			compatibilityVersion = "Xcode 14.0";
			developmentRegion = en;
			hasScannedForEncodings = 0;
			knownRegions = (
				en,
				Base,
			);
			mainGroup = 875144DA2B5E3E180016C981;
			productRefGroup = 875144E42B5E3E180016C981 /* Products */;
			projectDirPath = "";
			projectRoot = "";
			targets = (
				875144E22B5E3E180016C981 /* CityForU */,
				875144F82B5E3E190016C981 /* CityForUTests */,
				875145022B5E3E190016C981 /* CityForUUITests */,
			);
		};
/* End PBXProject section */

/* Begin PBXResourcesBuildPhase section */
		875144E12B5E3E180016C981 /* Resources */ = {
			isa = PBXResourcesBuildPhase;
			buildActionMask = 2147483647;
			files = (
				875144F32B5E3E190016C981 /* LaunchScreen.storyboard in Resources */,
				875144F02B5E3E190016C981 /* Assets.xcassets in Resources */,
				875144EE2B5E3E180016C981 /* Main.storyboard in Resources */,
			);
			runOnlyForDeploymentPostprocessing = 0;
		};
		875144F72B5E3E190016C981 /* Resources */ = {
			isa = PBXResourcesBuildPhase;
			buildActionMask = 2147483647;
			files = (
			);
			runOnlyForDeploymentPostprocessing = 0;
		};
		875145012B5E3E190016C981 /* Resources */ = {
			isa = PBXResourcesBuildPhase;
			buildActionMask = 2147483647;
			files = (
			);
			runOnlyForDeploymentPostprocessing = 0;
		};
/* End PBXResourcesBuildPhase section */

/* Begin PBXSourcesBuildPhase section */
		875144DF2B5E3E180016C981 /* Sources */ = {
			isa = PBXSourcesBuildPhase;
			buildActionMask = 2147483647;
			files = (
				87603FFA2B626080009C0314 /* Prefecture.swift in Sources */,
				87603FF82B622BB9009C0314 /* ResultViewController.swift in Sources */,
				872AF8122B5E850F00DB108F /* FortuneViewController.swift in Sources */,
				875144E72B5E3E180016C981 /* AppDelegate.swift in Sources */,
				875144E92B5E3E180016C981 /* SceneDelegate.swift in Sources */,
				872AF8102B5E838A00DB108F /* HomeViewController.swift in Sources */,
			);
			runOnlyForDeploymentPostprocessing = 0;
		};
		875144F52B5E3E190016C981 /* Sources */ = {
			isa = PBXSourcesBuildPhase;
			buildActionMask = 2147483647;
			files = (
				87FACE122B66747500B071F2 /* FortuneViewControllerTests.swift in Sources */,
				87FACE102B6672CF00B071F2 /* HomeViewControllerTests.swift in Sources */,
				87FACE142B66769200B071F2 /* ResultViewControllerTests.swift in Sources */,
			);
			runOnlyForDeploymentPostprocessing = 0;
		};
		875144FF2B5E3E190016C981 /* Sources */ = {
			isa = PBXSourcesBuildPhase;
			buildActionMask = 2147483647;
			files = (
				8751450A2B5E3E190016C981 /* CityForUUITestsLaunchTests.swift in Sources */,
				875145082B5E3E190016C981 /* CityForUUITests.swift in Sources */,
			);
			runOnlyForDeploymentPostprocessing = 0;
		};
/* End PBXSourcesBuildPhase section */

/* Begin PBXTargetDependency section */
		875144FB2B5E3E190016C981 /* PBXTargetDependency */ = {
			isa = PBXTargetDependency;
			target = 875144E22B5E3E180016C981 /* CityForU */;
			targetProxy = 875144FA2B5E3E190016C981 /* PBXContainerItemProxy */;
		};
		875145052B5E3E190016C981 /* PBXTargetDependency */ = {
			isa = PBXTargetDependency;
			target = 875144E22B5E3E180016C981 /* CityForU */;
			targetProxy = 875145042B5E3E190016C981 /* PBXContainerItemProxy */;
		};
/* End PBXTargetDependency section */

/* Begin PBXVariantGroup section */
		875144EC2B5E3E180016C981 /* Main.storyboard */ = {
			isa = PBXVariantGroup;
			children = (
				875144ED2B5E3E180016C981 /* Base */,
			);
			name = Main.storyboard;
			sourceTree = "<group>";
		};
		875144F12B5E3E190016C981 /* LaunchScreen.storyboard */ = {
			isa = PBXVariantGroup;
			children = (
				875144F22B5E3E190016C981 /* Base */,
			);
			name = LaunchScreen.storyboard;
			sourceTree = "<group>";
		};
/* End PBXVariantGroup section */

/* Begin XCBuildConfiguration section */
		8751450B2B5E3E190016C981 /* Debug */ = {
			isa = XCBuildConfiguration;
			buildSettings = {
				ALWAYS_SEARCH_USER_PATHS = NO;
				ASSETCATALOG_COMPILER_GENERATE_SWIFT_ASSET_SYMBOL_EXTENSIONS = YES;
				CLANG_ANALYZER_NONNULL = YES;
				CLANG_ANALYZER_NUMBER_OBJECT_CONVERSION = YES_AGGRESSIVE;
				CLANG_CXX_LANGUAGE_STANDARD = "gnu++20";
				CLANG_ENABLE_MODULES = YES;
				CLANG_ENABLE_OBJC_ARC = YES;
				CLANG_ENABLE_OBJC_WEAK = YES;
				CLANG_WARN_BLOCK_CAPTURE_AUTORELEASING = YES;
				CLANG_WARN_BOOL_CONVERSION = YES;
				CLANG_WARN_COMMA = YES;
				CLANG_WARN_CONSTANT_CONVERSION = YES;
				CLANG_WARN_DEPRECATED_OBJC_IMPLEMENTATIONS = YES;
				CLANG_WARN_DIRECT_OBJC_ISA_USAGE = YES_ERROR;
				CLANG_WARN_DOCUMENTATION_COMMENTS = YES;
				CLANG_WARN_EMPTY_BODY = YES;
				CLANG_WARN_ENUM_CONVERSION = YES;
				CLANG_WARN_INFINITE_RECURSION = YES;
				CLANG_WARN_INT_CONVERSION = YES;
				CLANG_WARN_NON_LITERAL_NULL_CONVERSION = YES;
				CLANG_WARN_OBJC_IMPLICIT_RETAIN_SELF = YES;
				CLANG_WARN_OBJC_LITERAL_CONVERSION = YES;
				CLANG_WARN_OBJC_ROOT_CLASS = YES_ERROR;
				CLANG_WARN_QUOTED_INCLUDE_IN_FRAMEWORK_HEADER = YES;
				CLANG_WARN_RANGE_LOOP_ANALYSIS = YES;
				CLANG_WARN_STRICT_PROTOTYPES = YES;
				CLANG_WARN_SUSPICIOUS_MOVE = YES;
				CLANG_WARN_UNGUARDED_AVAILABILITY = YES_AGGRESSIVE;
				CLANG_WARN_UNREACHABLE_CODE = YES;
				CLANG_WARN__DUPLICATE_METHOD_MATCH = YES;
				COPY_PHASE_STRIP = NO;
				DEBUG_INFORMATION_FORMAT = dwarf;
				ENABLE_STRICT_OBJC_MSGSEND = YES;
				ENABLE_TESTABILITY = YES;
				ENABLE_USER_SCRIPT_SANDBOXING = YES;
				GCC_C_LANGUAGE_STANDARD = gnu17;
				GCC_DYNAMIC_NO_PIC = NO;
				GCC_NO_COMMON_BLOCKS = YES;
				GCC_OPTIMIZATION_LEVEL = 0;
				GCC_PREPROCESSOR_DEFINITIONS = (
					"DEBUG=1",
					"$(inherited)",
				);
				GCC_WARN_64_TO_32_BIT_CONVERSION = YES;
				GCC_WARN_ABOUT_RETURN_TYPE = YES_ERROR;
				GCC_WARN_UNDECLARED_SELECTOR = YES;
				GCC_WARN_UNINITIALIZED_AUTOS = YES_AGGRESSIVE;
				GCC_WARN_UNUSED_FUNCTION = YES;
				GCC_WARN_UNUSED_VARIABLE = YES;
				IPHONEOS_DEPLOYMENT_TARGET = 17.2;
				LOCALIZATION_PREFERS_STRING_CATALOGS = YES;
				MTL_ENABLE_DEBUG_INFO = INCLUDE_SOURCE;
				MTL_FAST_MATH = YES;
				ONLY_ACTIVE_ARCH = YES;
				SDKROOT = iphoneos;
				SWIFT_ACTIVE_COMPILATION_CONDITIONS = "DEBUG $(inherited)";
				SWIFT_OPTIMIZATION_LEVEL = "-Onone";
				SWIFT_VERSION = 5.0;
			};
			name = Debug;
		};
		8751450C2B5E3E190016C981 /* Release */ = {
			isa = XCBuildConfiguration;
			buildSettings = {
				ALWAYS_SEARCH_USER_PATHS = NO;
				ASSETCATALOG_COMPILER_GENERATE_SWIFT_ASSET_SYMBOL_EXTENSIONS = YES;
				CLANG_ANALYZER_NONNULL = YES;
				CLANG_ANALYZER_NUMBER_OBJECT_CONVERSION = YES_AGGRESSIVE;
				CLANG_CXX_LANGUAGE_STANDARD = "gnu++20";
				CLANG_ENABLE_MODULES = YES;
				CLANG_ENABLE_OBJC_ARC = YES;
				CLANG_ENABLE_OBJC_WEAK = YES;
				CLANG_WARN_BLOCK_CAPTURE_AUTORELEASING = YES;
				CLANG_WARN_BOOL_CONVERSION = YES;
				CLANG_WARN_COMMA = YES;
				CLANG_WARN_CONSTANT_CONVERSION = YES;
				CLANG_WARN_DEPRECATED_OBJC_IMPLEMENTATIONS = YES;
				CLANG_WARN_DIRECT_OBJC_ISA_USAGE = YES_ERROR;
				CLANG_WARN_DOCUMENTATION_COMMENTS = YES;
				CLANG_WARN_EMPTY_BODY = YES;
				CLANG_WARN_ENUM_CONVERSION = YES;
				CLANG_WARN_INFINITE_RECURSION = YES;
				CLANG_WARN_INT_CONVERSION = YES;
				CLANG_WARN_NON_LITERAL_NULL_CONVERSION = YES;
				CLANG_WARN_OBJC_IMPLICIT_RETAIN_SELF = YES;
				CLANG_WARN_OBJC_LITERAL_CONVERSION = YES;
				CLANG_WARN_OBJC_ROOT_CLASS = YES_ERROR;
				CLANG_WARN_QUOTED_INCLUDE_IN_FRAMEWORK_HEADER = YES;
				CLANG_WARN_RANGE_LOOP_ANALYSIS = YES;
				CLANG_WARN_STRICT_PROTOTYPES = YES;
				CLANG_WARN_SUSPICIOUS_MOVE = YES;
				CLANG_WARN_UNGUARDED_AVAILABILITY = YES_AGGRESSIVE;
				CLANG_WARN_UNREACHABLE_CODE = YES;
				CLANG_WARN__DUPLICATE_METHOD_MATCH = YES;
				COPY_PHASE_STRIP = NO;
				DEBUG_INFORMATION_FORMAT = "dwarf-with-dsym";
				ENABLE_NS_ASSERTIONS = NO;
				ENABLE_STRICT_OBJC_MSGSEND = YES;
				ENABLE_USER_SCRIPT_SANDBOXING = YES;
				GCC_C_LANGUAGE_STANDARD = gnu17;
				GCC_NO_COMMON_BLOCKS = YES;
				GCC_WARN_64_TO_32_BIT_CONVERSION = YES;
				GCC_WARN_ABOUT_RETURN_TYPE = YES_ERROR;
				GCC_WARN_UNDECLARED_SELECTOR = YES;
				GCC_WARN_UNINITIALIZED_AUTOS = YES_AGGRESSIVE;
				GCC_WARN_UNUSED_FUNCTION = YES;
				GCC_WARN_UNUSED_VARIABLE = YES;
				IPHONEOS_DEPLOYMENT_TARGET = 17.2;
				LOCALIZATION_PREFERS_STRING_CATALOGS = YES;
				MTL_ENABLE_DEBUG_INFO = NO;
				MTL_FAST_MATH = YES;
				SDKROOT = iphoneos;
				SWIFT_COMPILATION_MODE = wholemodule;
				SWIFT_VERSION = 5.0;
				VALIDATE_PRODUCT = YES;
			};
			name = Release;
		};
		8751450E2B5E3E190016C981 /* Debug */ = {
			isa = XCBuildConfiguration;
			buildSettings = {
				ASSETCATALOG_COMPILER_APPICON_NAME = AppIcon;
				ASSETCATALOG_COMPILER_GLOBAL_ACCENT_COLOR_NAME = AccentColor;
				CODE_SIGN_STYLE = Automatic;
				CURRENT_PROJECT_VERSION = 1;
				DEVELOPMENT_TEAM = CT55UK7K32;
				GENERATE_INFOPLIST_FILE = YES;
				INFOPLIST_FILE = CityForU/Info.plist;
				INFOPLIST_KEY_UIApplicationSupportsIndirectInputEvents = YES;
				INFOPLIST_KEY_UILaunchStoryboardName = LaunchScreen;
				INFOPLIST_KEY_UIMainStoryboardFile = Main;
				INFOPLIST_KEY_UISupportedInterfaceOrientations = UIInterfaceOrientationPortrait;
				INFOPLIST_KEY_UISupportedInterfaceOrientations_iPad = "UIInterfaceOrientationLandscapeLeft UIInterfaceOrientationLandscapeRight UIInterfaceOrientationPortrait UIInterfaceOrientationPortraitUpsideDown";
				LD_RUNPATH_SEARCH_PATHS = (
					"$(inherited)",
					"@executable_path/Frameworks",
				);
				MARKETING_VERSION = 1.0;
				PRODUCT_BUNDLE_IDENTIFIER = com.HaruumiTakemura.CityForU;
				PRODUCT_NAME = "$(TARGET_NAME)";
				SUPPORTED_PLATFORMS = "iphoneos iphonesimulator";
				SUPPORTS_MACCATALYST = NO;
				SUPPORTS_MAC_DESIGNED_FOR_IPHONE_IPAD = NO;
				SUPPORTS_XR_DESIGNED_FOR_IPHONE_IPAD = NO;
				SWIFT_EMIT_LOC_STRINGS = YES;
				SWIFT_VERSION = 5.0;
				TARGETED_DEVICE_FAMILY = 1;
			};
			name = Debug;
		};
		8751450F2B5E3E190016C981 /* Release */ = {
			isa = XCBuildConfiguration;
			buildSettings = {
				ASSETCATALOG_COMPILER_APPICON_NAME = AppIcon;
				ASSETCATALOG_COMPILER_GLOBAL_ACCENT_COLOR_NAME = AccentColor;
				CODE_SIGN_STYLE = Automatic;
				CURRENT_PROJECT_VERSION = 1;
				DEVELOPMENT_TEAM = CT55UK7K32;
				GENERATE_INFOPLIST_FILE = YES;
				INFOPLIST_FILE = CityForU/Info.plist;
				INFOPLIST_KEY_UIApplicationSupportsIndirectInputEvents = YES;
				INFOPLIST_KEY_UILaunchStoryboardName = LaunchScreen;
				INFOPLIST_KEY_UIMainStoryboardFile = Main;
				INFOPLIST_KEY_UISupportedInterfaceOrientations = UIInterfaceOrientationPortrait;
				INFOPLIST_KEY_UISupportedInterfaceOrientations_iPad = "UIInterfaceOrientationLandscapeLeft UIInterfaceOrientationLandscapeRight UIInterfaceOrientationPortrait UIInterfaceOrientationPortraitUpsideDown";
				LD_RUNPATH_SEARCH_PATHS = (
					"$(inherited)",
					"@executable_path/Frameworks",
				);
				MARKETING_VERSION = 1.0;
				PRODUCT_BUNDLE_IDENTIFIER = com.HaruumiTakemura.CityForU;
				PRODUCT_NAME = "$(TARGET_NAME)";
				SUPPORTED_PLATFORMS = "iphoneos iphonesimulator";
				SUPPORTS_MACCATALYST = NO;
				SUPPORTS_MAC_DESIGNED_FOR_IPHONE_IPAD = NO;
				SUPPORTS_XR_DESIGNED_FOR_IPHONE_IPAD = NO;
				SWIFT_EMIT_LOC_STRINGS = YES;
				SWIFT_VERSION = 5.0;
				TARGETED_DEVICE_FAMILY = 1;
			};
			name = Release;
		};
		875145112B5E3E190016C981 /* Debug */ = {
			isa = XCBuildConfiguration;
			buildSettings = {
				ALWAYS_EMBED_SWIFT_STANDARD_LIBRARIES = YES;
				BUNDLE_LOADER = "$(TEST_HOST)";
				CODE_SIGN_STYLE = Automatic;
				CURRENT_PROJECT_VERSION = 1;
				DEVELOPMENT_TEAM = CT55UK7K32;
				GENERATE_INFOPLIST_FILE = YES;
				IPHONEOS_DEPLOYMENT_TARGET = 17.2;
				MARKETING_VERSION = 1.0;
				PRODUCT_BUNDLE_IDENTIFIER = com.HaruumiTakemura.CityForUTests;
				PRODUCT_NAME = "$(TARGET_NAME)";
				SWIFT_EMIT_LOC_STRINGS = NO;
				SWIFT_VERSION = 5.0;
				TARGETED_DEVICE_FAMILY = "1,2";
				TEST_HOST = "$(BUILT_PRODUCTS_DIR)/CityForU.app/$(BUNDLE_EXECUTABLE_FOLDER_PATH)/CityForU";
			};
			name = Debug;
		};
		875145122B5E3E190016C981 /* Release */ = {
			isa = XCBuildConfiguration;
			buildSettings = {
				ALWAYS_EMBED_SWIFT_STANDARD_LIBRARIES = YES;
				BUNDLE_LOADER = "$(TEST_HOST)";
				CODE_SIGN_STYLE = Automatic;
				CURRENT_PROJECT_VERSION = 1;
				DEVELOPMENT_TEAM = CT55UK7K32;
				GENERATE_INFOPLIST_FILE = YES;
				IPHONEOS_DEPLOYMENT_TARGET = 17.2;
				MARKETING_VERSION = 1.0;
				PRODUCT_BUNDLE_IDENTIFIER = com.HaruumiTakemura.CityForUTests;
				PRODUCT_NAME = "$(TARGET_NAME)";
				SWIFT_EMIT_LOC_STRINGS = NO;
				SWIFT_VERSION = 5.0;
				TARGETED_DEVICE_FAMILY = "1,2";
				TEST_HOST = "$(BUILT_PRODUCTS_DIR)/CityForU.app/$(BUNDLE_EXECUTABLE_FOLDER_PATH)/CityForU";
			};
			name = Release;
		};
		875145142B5E3E190016C981 /* Debug */ = {
			isa = XCBuildConfiguration;
			buildSettings = {
				ALWAYS_EMBED_SWIFT_STANDARD_LIBRARIES = YES;
				CODE_SIGN_STYLE = Automatic;
				CURRENT_PROJECT_VERSION = 1;
				DEVELOPMENT_TEAM = CT55UK7K32;
				GENERATE_INFOPLIST_FILE = YES;
				MARKETING_VERSION = 1.0;
				PRODUCT_BUNDLE_IDENTIFIER = com.HaruumiTakemura.CityForUUITests;
				PRODUCT_NAME = "$(TARGET_NAME)";
				SWIFT_EMIT_LOC_STRINGS = NO;
				SWIFT_VERSION = 5.0;
				TARGETED_DEVICE_FAMILY = "1,2";
				TEST_TARGET_NAME = CityForU;
			};
			name = Debug;
		};
		875145152B5E3E190016C981 /* Release */ = {
			isa = XCBuildConfiguration;
			buildSettings = {
				ALWAYS_EMBED_SWIFT_STANDARD_LIBRARIES = YES;
				CODE_SIGN_STYLE = Automatic;
				CURRENT_PROJECT_VERSION = 1;
				DEVELOPMENT_TEAM = CT55UK7K32;
				GENERATE_INFOPLIST_FILE = YES;
				MARKETING_VERSION = 1.0;
				PRODUCT_BUNDLE_IDENTIFIER = com.HaruumiTakemura.CityForUUITests;
				PRODUCT_NAME = "$(TARGET_NAME)";
				SWIFT_EMIT_LOC_STRINGS = NO;
				SWIFT_VERSION = 5.0;
				TARGETED_DEVICE_FAMILY = "1,2";
				TEST_TARGET_NAME = CityForU;
			};
			name = Release;
		};
/* End XCBuildConfiguration section */

/* Begin XCConfigurationList section */
		875144DE2B5E3E180016C981 /* Build configuration list for PBXProject "CityForU" */ = {
			isa = XCConfigurationList;
			buildConfigurations = (
				8751450B2B5E3E190016C981 /* Debug */,
				8751450C2B5E3E190016C981 /* Release */,
			);
			defaultConfigurationIsVisible = 0;
			defaultConfigurationName = Release;
		};
		8751450D2B5E3E190016C981 /* Build configuration list for PBXNativeTarget "CityForU" */ = {
			isa = XCConfigurationList;
			buildConfigurations = (
				8751450E2B5E3E190016C981 /* Debug */,
				8751450F2B5E3E190016C981 /* Release */,
			);
			defaultConfigurationIsVisible = 0;
			defaultConfigurationName = Release;
		};
		875145102B5E3E190016C981 /* Build configuration list for PBXNativeTarget "CityForUTests" */ = {
			isa = XCConfigurationList;
			buildConfigurations = (
				875145112B5E3E190016C981 /* Debug */,
				875145122B5E3E190016C981 /* Release */,
			);
			defaultConfigurationIsVisible = 0;
			defaultConfigurationName = Release;
		};
		875145132B5E3E190016C981 /* Build configuration list for PBXNativeTarget "CityForUUITests" */ = {
			isa = XCConfigurationList;
			buildConfigurations = (
				875145142B5E3E190016C981 /* Debug */,
				875145152B5E3E190016C981 /* Release */,
			);
			defaultConfigurationIsVisible = 0;
			defaultConfigurationName = Release;
		};
/* End XCConfigurationList section */
	};
	rootObject = 875144DB2B5E3E180016C981 /* Project object */;
}
